version = 1
revision = 3
requires-python = ">=3.13"

[[package]]
name = "aldiaslibrary"
version = "0.1.0"
source = { virtual = "." }
dependencies = [
    { name = "pymem" },
]

[package.metadata]
requires-dist = [{ name = "pymem", specifier = ">=1.14.0" }]

[[package]]
name = "pymem"
version = "1.14.0"
source = { registry = "https://pypi.org/simple" }
sdist = { url = "https://files.pythonhosted.org/packages/1f/fd/1906f383fd9697c0da599580c58f5cd5af48edb55429f6ef994c447fb94e/pymem-1.14.0.tar.gz", hash = "sha256:29f6c32bcad0032888afabadf97d1e4c7757f88873de4d79f7f4c1df9b9e7ef1", size = 24890, upload-time = "2024-10-27T18:59:50.369Z" }
wheels = [
    { url = "https://files.pythonhosted.org/packages/0d/a5/23907a4b55d67cd4c0e4b9a37e32f5f1ffaf7e286dcf172a2a1bb9e12444/pymem-1.14.0-py3-none-any.whl", hash = "sha256:2b9cc64b49d0685f73d616ab1f638611f87e8d649869e7a556f050f677c42a7e", size = 29833, upload-time = "2024-10-27T18:59:48.911Z" },
]
